<Solution>
  <Project Path="CountryExplorer.API/CountryExplorer.API.csproj" />
  <Project Path="CountryExplorer.Client/CountryExplorer.Client.csproj" />
  <Project Path="CountryExplorer.Models/CountryExplorer.Models.csproj" />
  <Project Path="CountryExplorer.Service/CountryExplorer.Service.csproj" Id="c0ef5c9f-a5f6-4fed-8e6d-cd5f306bc11f" />
</Solution>
